
Microsoft Visual Studio Solution File, Format Version 12.00
# Visual Studio 2012
Project("{FAE04EC0-301F-11D3-BF4B-00C04F79EFBC}") = "YSGOpsWeb", "YSGOpsWeb\YSGOpsWeb.csproj", "{DB6F313A-7C68-44C9-A8CA-2FE9BF749635}"
EndProject
Global
	GlobalSection(SolutionConfigurationPlatforms) = preSolution
		Debug|Any CPU = Debug|Any CPU
		Release|Any CPU = Release|Any CPU
	EndGlobalSection
	GlobalSection(ProjectConfigurationPlatforms) = postSolution
		{DB6F313A-7C68-44C9-A8CA-2FE9BF749635}.Debug|Any CPU.ActiveCfg = Debug|Any CPU
		{DB6F313A-7C68-44C9-A8CA-2FE9BF749635}.Debug|Any CPU.Build.0 = Debug|Any CPU
		{DB6F313A-7C68-44C9-A8CA-2FE9BF749635}.Release|Any CPU.ActiveCfg = Release|Any CPU
		{DB6F313A-7C68-44C9-A8CA-2FE9BF749635}.Release|Any CPU.Build.0 = Release|Any CPU
	EndGlobalSection
	GlobalSection(SolutionProperties) = preSolution
		HideSolutionNode = FALSE
	EndGlobalSection
EndGlobal
